{
    "_meta": {
        "hash": {
            "sha256": "1bfb54e4e77fdbd907a78e74af57839b269389c14630034ac6a703c01c787f45"
        },
        "pipfile-spec": 6,
        "requires": {
            "python_version": "3.8"
        },
        "sources": [
            {
                "name": "pypi",
                "url": "https://pypi.org/simple",
                "verify_ssl": true
            }
        ]
    },
    "default": {
        "datetime": {
            "hashes": [
                "sha256:371dba07417b929a4fa685c2f7a3eaa6a62d60c02947831f97d4df9a9e70dfd0",
                "sha256:5cef605bab8259ff61281762cdf3290e459fbf0b4719951d5fab967d5f2ea0ea"
            ],
            "index": "pypi",
            "version": "==4.3"
        },
        "peewee": {
            "hashes": [
                "sha256:9492af4d1f8e18a7fa0e930960315b38931286ea0f1659bbd5503456cffdacde"
            ],
            "index": "pypi",
            "version": "==3.13.1"
        },
        "psycopg2": {
            "hashes": [
                "sha256:4212ca404c4445dc5746c0d68db27d2cbfb87b523fe233dc84ecd24062e35677",
                "sha256:47fc642bf6f427805daf52d6e52619fe0637648fe27017062d898f3bf891419d",
                "sha256:72772181d9bad1fa349792a1e7384dde56742c14af2b9986013eb94a240f005b",
                "sha256:8396be6e5ff844282d4d49b81631772f80dabae5658d432202faf101f5283b7c",
                "sha256:893c11064b347b24ecdd277a094413e1954f8a4e8cdaf7ffbe7ca3db87c103f0",
                "sha256:92a07dfd4d7c325dd177548c4134052d4842222833576c8391aab6f74038fc3f",
                "sha256:965c4c93e33e6984d8031f74e51227bd755376a9df6993774fd5b6fb3288b1f4",
                "sha256:9ab75e0b2820880ae24b7136c4d230383e07db014456a476d096591172569c38",
                "sha256:b0845e3bdd4aa18dc2f9b6fb78fbd3d9d371ad167fd6d1b7ad01c0a6cdad4fc6",
                "sha256:dca2d7203f0dfce8ea4b3efd668f8ea65cd2b35112638e488a4c12594015f67b",
                "sha256:ed686e5926929887e2c7ae0a700e32c6129abb798b4ad2b846e933de21508151",
                "sha256:ef6df7e14698e79c59c7ee7cf94cd62e5b869db369ed4b1b8f7b729ea825712a",
                "sha256:f898e5cc0a662a9e12bde6f931263a1bbd350cfb18e1d5336a12927851825bb6"
            ],
            "index": "pypi",
            "version": "==2.8.4"
        },
        "pytz": {
            "hashes": [
                "sha256:1c557d7d0e871de1f5ccd5833f60fb2550652da6be2693c1e02300743d21500d",
                "sha256:b02c06db6cf09c12dd25137e563b31700d3b80fcc4ad23abb7a315f2789819be"
            ],
            "version": "==2019.3"
        },
        "zope.interface": {
            "hashes": [
                "sha256:07afd6f3f5054962661b25307c9a1ce1684f7c7c3bf052f082305b124f918ffb",
                "sha256:126295492a6481d508d1ec06301f05ddec00079907c11851babefe1123ade7e6",
                "sha256:194795548ce9190004993d7adbc8e1795c75110771dc2068d3b8d0788499dcbb",
                "sha256:1f2700a02e2123daddc0f8eb698a7002864e5e230c0a48236d07f703917adf64",
                "sha256:2789ed1b3f5321924212666ec93fbba8eee72ec01b1bd9ba2976ab3465bcb6a1",
                "sha256:284eae159856673db576c0db618c3a18129ee97243ab2c65b2377e8f75a2b37b",
                "sha256:28e6d11e37eb33f8d7f391e6b43adfd63326bb3f5471ba541bb994758daebf57",
                "sha256:36c98098fdce470ee8b36f7a4b1d60eec34239e487edef323a2fdba52e94586f",
                "sha256:3c1cb55dcd159075af69f40e048cd05ad31b443f832c78de4f81bb5ff313a30d",
                "sha256:3e9ff47755a842b61e2d86c898071564761ffa5951b87acafe76190e04486e8f",
                "sha256:45f19b80ef03e5be144a21ab1c592368f001bbe47103b592e17218a201446c6b",
                "sha256:4c3f5ef617a93c4c9b996a7baa24aca489b5d9895ef9808044f56b2fd1fff71d",
                "sha256:51df4554325a614bca28ecd1dffd6c538dee2427d322b6f0f38283fbc04ee17c",
                "sha256:5d216d7f228bcc556c2d6358bf5f5e0b743fe2c6d61106562ff7c4d6d3bb59f0",
                "sha256:5dd85e1f491fc3ae38861f845aa55f261316e26bed460f27cf0744a2cd127870",
                "sha256:6afec58c1c09509fd2510e3b6568461f44c2d49130e73a774a59e411f693a903",
                "sha256:6c9d257b4a913352ca72bdcc3dc4bf1158349e8f9aedfeab97b1eb8888fbade5",
                "sha256:79616f2f9a000610cd838f4ba22ee36af8fa4c67f1c39524aeace05e3c82fe3a",
                "sha256:7b554935b8a6442d26f88c414e97d52b22316c15402718ce66b870ee9bb8ed1c",
                "sha256:9356ec81e4660b7507ffbc57c7629c187ca85e51e39b1d1fd590d223ce738dbe",
                "sha256:95af7f309f9b05d2abcff900e5d832d5c4cf7bb692ebd7ee131f765f86c1cbd9",
                "sha256:979a05c338fadaef2bb470b2aef31255dc0f43476061a44988384307995d9f7a",
                "sha256:97d13f61a986e089a2dab19c3b5233705cc92d3dccba0b4db9689b5be2ef4eca",
                "sha256:a1a757e199fc77fea6f293f8bdeb1b2b244ba015bb829aeba350c7c55789fb95",
                "sha256:a2f05a27b612186787f3addb65fb144ff27a6a66b5001010d0daeb4c2eb14145",
                "sha256:a67f8e3eadfb1280c286342852d2ee4cfeb4fe469c2585fd26c8aa47aae73c95",
                "sha256:b8720247c6244d772c7b911b89a516f856ac5d41f942c9b3c45b1ee9bdbbf370",
                "sha256:c43aad4ef895e9b5447045f3aa7bce39da271d6c2895b1cb7b4cf752210226fa",
                "sha256:dd0bc4016ec9ffa6d327bf3ba2f044c3ff376880661e5cc38c622e1ae023076f",
                "sha256:e039c81d9e7e2e6ec4306c7d8b49aa21dd087571fba01ea398b36649acea5391",
                "sha256:e37b3471a811103a916341755cc2cc3c55223202f4b84a640a6c2e60ca869b2a",
                "sha256:e52ceb49161c1f5acd653d4558523c87d1458db3c662913a72ced041f7ebe5ef",
                "sha256:e5a788384d39179533b63bde5aff56a2e26c194e6142d6ecb29e7127b145e2ac",
                "sha256:ec2cebff8e4ee8e7fdff28bb0e22be38027de7f49c48868a73620f48f72afa9a",
                "sha256:f4c516595d00599e8057146ebab9b68a726a6233ef20760c2f16d0340a79776c"
            ],
            "version": "==5.0.1"
        }
    },
    "develop": {}
}
